<?xml version="1.0" encoding="utf-8"?>
<Project ToolsVersion="4.0" xmlns="http://schemas.microsoft.com/developer/msbuild/2003">
  <ItemGroup>
    <Filter Include="File di intestazione">
      <UniqueIdentifier>{93995380-89BD-4b04-88EB-625FBE52EBFB}</UniqueIdentifier>
      <Extensions>h;hh;hpp;hxx;h++;hm;inl;inc;ipp;xsd</Extensions>
    </Filter>
    <Filter Include="File di risorse">
      <UniqueIdentifier>{67DA6AB6-F800-4c08-8B7A-83BB121AAD01}</UniqueIdentifier>
      <Extensions>rc;ico;cur;bmp;dlg;rc2;rct;bin;rgs;gif;jpg;jpeg;jpe;resx;tiff;tif;png;wav;mfcribbon-ms</Extensions>
    </Filter>
    <Filter Include="Source Files">
      <UniqueIdentifier>{64398554-dbd1-4225-b801-3a5e10d90a90}</UniqueIdentifier>
    </Filter>
    <Filter Include="Header Files">
      <UniqueIdentifier>{520f8042-40c9-4e24-a178-36b7d3c4d673}</UniqueIdentifier>
    </Filter>
    <Filter Include="Header Files\Microengine">
      <UniqueIdentifier>{64d0dcb3-1e5d-44bd-985b-ba9106a4e151}</UniqueIdentifier>
    </Filter>
    <Filter Include="Header Files\Pawns">
      <UniqueIdentifier>{68146d48-4665-43ad-b17d-47c92dd9affe}</UniqueIdentifier>
    </Filter>
    <Filter Include="Source Files\Microengine">
      <UniqueIdentifier>{f1872969-a258-4554-8dd4-9aad387509c7}</UniqueIdentifier>
    </Filter>
    <Filter Include="Source Files\Pawns">
      <UniqueIdentifier>{2a56b452-0607-4305-aae4-6682602fd793}</UniqueIdentifier>
    </Filter>
  </ItemGroup>
  <ItemGroup>
    <ClInclude Include="Camera.h">
      <Filter>Header Files\Microengine</Filter>
    </ClInclude>
    <ClInclude Include="Geometry.h">
      <Filter>Header Files\Microengine</Filter>
    </ClInclude>
    <ClInclude Include="Pawn.h">
      <Filter>Header Files\Microengine</Filter>
    </ClInclude>
    <ClInclude Include="TextureLoader.h">
      <Filter>Header Files\Microengine</Filter>
    </ClInclude>
    <ClInclude Include="vector3.h">
      <Filter>Header Files\Microengine</Filter>
    </ClInclude>
    <ClInclude Include="Box.h">
      <Filter>Header Files\Pawns</Filter>
    </ClInclude>
    <ClInclude Include="Plane.h">
      <Filter>Header Files\Pawns</Filter>
    </ClInclude>
    <ClInclude Include="Sphere.h">
      <Filter>Header Files\Pawns</Filter>
    </ClInclude>
  </ItemGroup>
  <ItemGroup>
    <ClCompile Include="Camera.cpp">
      <Filter>Source Files\Microengine</Filter>
    </ClCompile>
    <ClCompile Include="Pawn.cpp">
      <Filter>Source Files\Microengine</Filter>
    </ClCompile>
    <ClCompile Include="TextureLoader.cpp">
      <Filter>Source Files\Microengine</Filter>
    </ClCompile>
    <ClCompile Include="Box.cpp">
      <Filter>Source Files\Pawns</Filter>
    </ClCompile>
    <ClCompile Include="Plane.cpp">
      <Filter>Source Files\Pawns</Filter>
    </ClCompile>
    <ClCompile Include="Sphere.cpp">
      <Filter>Source Files\Pawns</Filter>
    </ClCompile>
    <ClCompile Include="Main.cpp">
      <Filter>Source Files</Filter>
    </ClCompile>
  </ItemGroup>
</Project>